{
  "nodes": {
    "base16-schemes": {
      "flake": false,
      "locked": {
        "lastModified": 1680729003,
        "narHash": "sha256-M9LHTL24/W4oqgbYRkz0B2qpNrkefTs98pfj3MxIXnU=",
        "owner": "tinted-theming",
        "repo": "base16-schemes",
        "rev": "dc048afa066287a719ddbab62b3e19e4b5110cf0",
        "type": "github"
      },
      "original": {
        "owner": "tinted-theming",
        "repo": "base16-schemes",
        "type": "github"
      }
    },
    "flake-utils": {
      "inputs": {
        "systems": "systems"
      },
      "locked": {
        "lastModified": 1681202837,
        "narHash": "sha256-H+Rh19JDwRtpVPAWp64F+rlEtxUWBAQW28eAi3SRSzg=",
        "owner": "numtide",
        "repo": "flake-utils",
        "rev": "cfacdce06f30d2b68473a46042957675eebb3401",
        "type": "github"
      },
      "original": {
        "owner": "numtide",
        "repo": "flake-utils",
        "type": "github"
      }
    },
    "hardware": {
      "locked": {
        "lastModified": 1680876084,
        "narHash": "sha256-eP9yxP0wc7XuVaODugh+ajgbFGaile2O1ihxiLxOuvU=",
        "owner": "nixos",
        "repo": "nixos-hardware",
        "rev": "3006d2860a6ed5e01b0c3e7ffb730e9b293116e2",
        "type": "github"
      },
      "original": {
        "owner": "nixos",
        "repo": "nixos-hardware",
        "type": "github"
      }
    },
    "home-manager": {
      "inputs": {
        "nixpkgs": [
          "nixpkgs"
        ]
      },
      "locked": {
        "lastModified": 1681690464,
        "narHash": "sha256-x8pw8KAb9TJsszbCHUBK2bWvgYPlCjwHMV1dF95eZPs=",
        "owner": "nix-community",
        "repo": "home-manager",
        "rev": "53bd74f786934997e7f6a5ed9741b226e511e508",
        "type": "github"
      },
      "original": {
        "owner": "nix-community",
        "repo": "home-manager",
        "type": "github"
      }
    },
    "nix-colors": {
      "inputs": {
        "base16-schemes": "base16-schemes",
        "nixpkgs-lib": "nixpkgs-lib"
      },
      "locked": {
        "lastModified": 1680875144,
        "narHash": "sha256-Ub/Y+/zoAoji+E7WCLbTykcTmfRiyzLJ5QEyR3NbHgY=",
        "owner": "misterio77",
        "repo": "nix-colors",
        "rev": "41cc6c1086a4d26509f9fc80a538131d03a11234",
        "type": "github"
      },
      "original": {
        "owner": "misterio77",
        "repo": "nix-colors",
        "type": "github"
      }
    },
    "nix-index-database": {
      "inputs": {
        "nixpkgs": [
          "nixpkgs"
        ]
      },
      "locked": {
        "lastModified": 1681591833,
        "narHash": "sha256-lW+xOELafAs29yw56FG4MzNOFkh8VHC/X/tRs1wsGn8=",
        "owner": "Mic92",
        "repo": "nix-index-database",
        "rev": "68ec961c51f48768f72d2bbdb396ce65a316677e",
        "type": "github"
      },
      "original": {
        "owner": "Mic92",
        "repo": "nix-index-database",
        "type": "github"
      }
    },
    "nixpkgs": {
      "locked": {
        "lastModified": 1681648924,
        "narHash": "sha256-pzi3HISK8+7mpEtv08Yr80wswyHKsz+RP1CROG1Qf6s=",
        "owner": "nixos",
        "repo": "nixpkgs",
        "rev": "f294325aed382b66c7a188482101b0f336d1d7db",
        "type": "github"
      },
      "original": {
        "owner": "nixos",
        "ref": "nixos-unstable",
        "repo": "nixpkgs",
        "type": "github"
      }
    },
    "nixpkgs-lib": {
      "locked": {
        "lastModified": 1680397293,
        "narHash": "sha256-wBpJ73+tJ8fZSWb4tzNbAVahC4HSo2QG3nICDy4ExBQ=",
        "owner": "nix-community",
        "repo": "nixpkgs.lib",
        "rev": "b18d328214ca3c627d3cc3f51fd9d1397fdbcd7a",
        "type": "github"
      },
      "original": {
        "owner": "nix-community",
        "repo": "nixpkgs.lib",
        "type": "github"
      }
    },
    "nixpkgs-stable": {
      "locked": {
        "lastModified": 1681696129,
        "narHash": "sha256-Ba2y1lmsWmmAOAoTD5G9UnTS/UqV0ZFyzysgdfu7qag=",
        "owner": "nixos",
        "repo": "nixpkgs",
        "rev": "de66115c552acc4e0c0f92c5a5efb32e37dfa216",
        "type": "github"
      },
      "original": {
        "owner": "nixos",
        "ref": "nixos-22.11",
        "repo": "nixpkgs",
        "type": "github"
      }
    },
    "nur": {
      "locked": {
        "lastModified": 1681731920,
        "narHash": "sha256-neuZnv55Tpu+IJ4PqUSsSnJQ7rlnZO5uLQV6DMe2qNw=",
        "owner": "nix-community",
        "repo": "NUR",
        "rev": "8ed9352e77002728b5f46a1556f6f159e91c8660",
        "type": "github"
      },
      "original": {
        "owner": "nix-community",
        "repo": "NUR",
        "type": "github"
      }
    },
    "root": {
      "inputs": {
        "flake-utils": "flake-utils",
        "hardware": "hardware",
        "home-manager": "home-manager",
        "nix-colors": "nix-colors",
        "nix-index-database": "nix-index-database",
        "nixpkgs": "nixpkgs",
        "nixpkgs-stable": "nixpkgs-stable",
        "nur": "nur"
      }
    },
    "systems": {
      "locked": {
        "lastModified": 1681028828,
        "narHash": "sha256-Vy1rq5AaRuLzOxct8nz4T6wlgyUR7zLU309k9mBC768=",
        "owner": "nix-systems",
        "repo": "default",
        "rev": "da67096a3b9bf56a91d16901293e51ba5b49a27e",
        "type": "github"
      },
      "original": {
        "owner": "nix-systems",
        "repo": "default",
        "type": "github"
      }
    }
  },
  "root": "root",
  "version": 7
}
